// !$*UTF8*$!
{
	archiveVersion = 1;
	classes = {
	};
	objectVersion = 46;
	objects = {

/* Begin PBXBuildFile section */
		7D9FB6D31F492CC6009B7E20 /* AppDelegate.swift in Sources */ = {isa = PBXBuildFile; fileRef = 7D9FB6D21F492CC6009B7E20 /* AppDelegate.swift */; };
		7D9FB6D81F492CC6009B7E20 /* Main.storyboard in Resources */ = {isa = PBXBuildFile; fileRef = 7D9FB6D61F492CC6009B7E20 /* Main.storyboard */; };
		7D9FB6DA1F492CC6009B7E20 /* Assets.xcassets in Resources */ = {isa = PBXBuildFile; fileRef = 7D9FB6D91F492CC6009B7E20 /* Assets.xcassets */; };
		7D9FB6DD1F492CC6009B7E20 /* LaunchScreen.storyboard in Resources */ = {isa = PBXBuildFile; fileRef = 7D9FB6DB1F492CC6009B7E20 /* LaunchScreen.storyboard */; };
		7D9FB6E81F4935D7009B7E20 /* ImageCollectionViewController.swift in Sources */ = {isa = PBXBuildFile; fileRef = 7D9FB6E71F4935D7009B7E20 /* ImageCollectionViewController.swift */; };
		7D9FB6EA1F496FBD009B7E20 /* FileHelper.swift in Sources */ = {isa = PBXBuildFile; fileRef = 7D9FB6E91F496FBD009B7E20 /* FileHelper.swift */; };
		7D9FB6EC1F497688009B7E20 /* PhotoHelper.swift in Sources */ = {isa = PBXBuildFile; fileRef = 7D9FB6EB1F497688009B7E20 /* PhotoHelper.swift */; };
		7D9FB6EE1F5113D5009B7E20 /* CHTCollectionViewWaterfallCell.swift in Sources */ = {isa = PBXBuildFile; fileRef = 7D9FB6ED1F5113D5009B7E20 /* CHTCollectionViewWaterfallCell.swift */; };
		D4EF874FBE606C9FFDD2C41A /* Pods_PatientManagement.framework in Frameworks */ = {isa = PBXBuildFile; fileRef = E5D072017E52FC9C6E97FEF0 /* Pods_PatientManagement.framework */; };
/* End PBXBuildFile section */

/* Begin PBXFileReference section */
		4845EE46F4553FECD915A7A6 /* Pods-PatientManagement.debug.xcconfig */ = {isa = PBXFileReference; includeInIndex = 1; lastKnownFileType = text.xcconfig; name = "Pods-PatientManagement.debug.xcconfig"; path = "Pods/Target Support Files/Pods-PatientManagement/Pods-PatientManagement.debug.xcconfig"; sourceTree = "<group>"; };
		653626C92599A04888F3EB25 /* Pods-PatientManagement.release.xcconfig */ = {isa = PBXFileReference; includeInIndex = 1; lastKnownFileType = text.xcconfig; name = "Pods-PatientManagement.release.xcconfig"; path = "Pods/Target Support Files/Pods-PatientManagement/Pods-PatientManagement.release.xcconfig"; sourceTree = "<group>"; };
		7D9FB6CF1F492CC6009B7E20 /* PatientManagement.app */ = {isa = PBXFileReference; explicitFileType = wrapper.application; includeInIndex = 0; path = PatientManagement.app; sourceTree = BUILT_PRODUCTS_DIR; };
		7D9FB6D21F492CC6009B7E20 /* AppDelegate.swift */ = {isa = PBXFileReference; lastKnownFileType = sourcecode.swift; path = AppDelegate.swift; sourceTree = "<group>"; };
		7D9FB6D71F492CC6009B7E20 /* Base */ = {isa = PBXFileReference; lastKnownFileType = file.storyboard; name = Base; path = Base.lproj/Main.storyboard; sourceTree = "<group>"; };
		7D9FB6D91F492CC6009B7E20 /* Assets.xcassets */ = {isa = PBXFileReference; lastKnownFileType = folder.assetcatalog; path = Assets.xcassets; sourceTree = "<group>"; };
		7D9FB6DC1F492CC6009B7E20 /* Base */ = {isa = PBXFileReference; lastKnownFileType = file.storyboard; name = Base; path = Base.lproj/LaunchScreen.storyboard; sourceTree = "<group>"; };
		7D9FB6DE1F492CC6009B7E20 /* Info.plist */ = {isa = PBXFileReference; lastKnownFileType = text.plist.xml; path = Info.plist; sourceTree = "<group>"; };
		7D9FB6E71F4935D7009B7E20 /* ImageCollectionViewController.swift */ = {isa = PBXFileReference; fileEncoding = 4; lastKnownFileType = sourcecode.swift; path = ImageCollectionViewController.swift; sourceTree = "<group>"; };
		7D9FB6E91F496FBD009B7E20 /* FileHelper.swift */ = {isa = PBXFileReference; fileEncoding = 4; lastKnownFileType = sourcecode.swift; path = FileHelper.swift; sourceTree = "<group>"; };
		7D9FB6EB1F497688009B7E20 /* PhotoHelper.swift */ = {isa = PBXFileReference; fileEncoding = 4; lastKnownFileType = sourcecode.swift; path = PhotoHelper.swift; sourceTree = "<group>"; };
		7D9FB6ED1F5113D5009B7E20 /* CHTCollectionViewWaterfallCell.swift */ = {isa = PBXFileReference; fileEncoding = 4; lastKnownFileType = sourcecode.swift; path = CHTCollectionViewWaterfallCell.swift; sourceTree = "<group>"; };
		E5D072017E52FC9C6E97FEF0 /* Pods_PatientManagement.framework */ = {isa = PBXFileReference; explicitFileType = wrapper.framework; includeInIndex = 0; path = Pods_PatientManagement.framework; sourceTree = BUILT_PRODUCTS_DIR; };
/* End PBXFileReference section */

/* Begin PBXFrameworksBuildPhase section */
		7D9FB6CC1F492CC6009B7E20 /* Frameworks */ = {
			isa = PBXFrameworksBuildPhase;
			buildActionMask = 2147483647;
			files = (
				D4EF874FBE606C9FFDD2C41A /* Pods_PatientManagement.framework in Frameworks */,
			);
			runOnlyForDeploymentPostprocessing = 0;
		};
/* End PBXFrameworksBuildPhase section */

/* Begin PBXGroup section */
		492EC81F4082C2E7F06807B7 /* Pods */ = {
			isa = PBXGroup;
			children = (
				4845EE46F4553FECD915A7A6 /* Pods-PatientManagement.debug.xcconfig */,
				653626C92599A04888F3EB25 /* Pods-PatientManagement.release.xcconfig */,
			);
			name = Pods;
			sourceTree = "<group>";
		};
		7D9FB6C61F492CC6009B7E20 = {
			isa = PBXGroup;
			children = (
				7D9FB6D11F492CC6009B7E20 /* PatientManagement */,
				7D9FB6D01F492CC6009B7E20 /* Products */,
				492EC81F4082C2E7F06807B7 /* Pods */,
				FC570C5F250740E98A1B0F12 /* Frameworks */,
			);
			sourceTree = "<group>";
		};
		7D9FB6D01F492CC6009B7E20 /* Products */ = {
			isa = PBXGroup;
			children = (
				7D9FB6CF1F492CC6009B7E20 /* PatientManagement.app */,
			);
			name = Products;
			sourceTree = "<group>";
		};
		7D9FB6D11F492CC6009B7E20 /* PatientManagement */ = {
			isa = PBXGroup;
			children = (
				7D9FB6D21F492CC6009B7E20 /* AppDelegate.swift */,
				7D9FB6D61F492CC6009B7E20 /* Main.storyboard */,
				7D9FB6E71F4935D7009B7E20 /* ImageCollectionViewController.swift */,
				7D9FB6ED1F5113D5009B7E20 /* CHTCollectionViewWaterfallCell.swift */,
				7D9FB6E91F496FBD009B7E20 /* FileHelper.swift */,
				7D9FB6EB1F497688009B7E20 /* PhotoHelper.swift */,
				7D9FB6D91F492CC6009B7E20 /* Assets.xcassets */,
				7D9FB6DB1F492CC6009B7E20 /* LaunchScreen.storyboard */,
				7D9FB6DE1F492CC6009B7E20 /* Info.plist */,
			);
			path = PatientManagement;
			sourceTree = "<group>";
		};
		FC570C5F250740E98A1B0F12 /* Frameworks */ = {
			isa = PBXGroup;
			children = (
				E5D072017E52FC9C6E97FEF0 /* Pods_PatientManagement.framework */,
			);
			name = Frameworks;
			sourceTree = "<group>";
		};
/* End PBXGroup section */

/* Begin PBXNativeTarget section */
		7D9FB6CE1F492CC6009B7E20 /* PatientManagement */ = {
			isa = PBXNativeTarget;
			buildConfigurationList = 7D9FB6E11F492CC6009B7E20 /* Build configuration list for PBXNativeTarget "PatientManagement" */;
			buildPhases = (
				1B93FABE9ECEB9810E3C9518 /* [CP] Check Pods Manifest.lock */,
				7D9FB6CB1F492CC6009B7E20 /* Sources */,
				7D9FB6CC1F492CC6009B7E20 /* Frameworks */,
				7D9FB6CD1F492CC6009B7E20 /* Resources */,
				71063ADAA9D33D6FE7D94E66 /* [CP] Embed Pods Frameworks */,
				597528DD7A8CF42577AE0135 /* [CP] Copy Pods Resources */,
			);
			buildRules = (
			);
			dependencies = (
			);
			name = PatientManagement;
			productName = PatientManagement;
			productReference = 7D9FB6CF1F492CC6009B7E20 /* PatientManagement.app */;
			productType = "com.apple.product-type.application";
		};
/* End PBXNativeTarget section */

/* Begin PBXProject section */
		7D9FB6C71F492CC6009B7E20 /* Project object */ = {
			isa = PBXProject;
			attributes = {
				LastSwiftUpdateCheck = 0830;
				LastUpgradeCheck = 0830;
				ORGANIZATIONNAME = TuoTuo;
				TargetAttributes = {
					7D9FB6CE1F492CC6009B7E20 = {
						CreatedOnToolsVersion = 8.3.3;
						ProvisioningStyle = Automatic;
					};
				};
			};
			buildConfigurationList = 7D9FB6CA1F492CC6009B7E20 /* Build configuration list for PBXProject "PatientManagement" */;
			compatibilityVersion = "Xcode 3.2";
			developmentRegion = English;
			hasScannedForEncodings = 0;
			knownRegions = (
				en,
				Base,
			);
			mainGroup = 7D9FB6C61F492CC6009B7E20;
			productRefGroup = 7D9FB6D01F492CC6009B7E20 /* Products */;
			projectDirPath = "";
			projectRoot = "";
			targets = (
				7D9FB6CE1F492CC6009B7E20 /* PatientManagement */,
			);
		};
/* End PBXProject section */

/* Begin PBXResourcesBuildPhase section */
		7D9FB6CD1F492CC6009B7E20 /* Resources */ = {
			isa = PBXResourcesBuildPhase;
			buildActionMask = 2147483647;
			files = (
				7D9FB6DD1F492CC6009B7E20 /* LaunchScreen.storyboard in Resources */,
				7D9FB6DA1F492CC6009B7E20 /* Assets.xcassets in Resources */,
				7D9FB6D81F492CC6009B7E20 /* Main.storyboard in Resources */,
			);
			runOnlyForDeploymentPostprocessing = 0;
		};
/* End PBXResourcesBuildPhase section */

/* Begin PBXShellScriptBuildPhase section */
		1B93FABE9ECEB9810E3C9518 /* [CP] Check Pods Manifest.lock */ = {
			isa = PBXShellScriptBuildPhase;
			buildActionMask = 2147483647;
			files = (
			);
			inputPaths = (
				"${PODS_PODFILE_DIR_PATH}/Podfile.lock",
				"${PODS_ROOT}/Manifest.lock",
			);
			name = "[CP] Check Pods Manifest.lock";
			outputPaths = (
				"$(DERIVED_FILE_DIR)/Pods-PatientManagement-checkManifestLockResult.txt",
			);
			runOnlyForDeploymentPostprocessing = 0;
			shellPath = /bin/sh;
			shellScript = "diff \"${PODS_PODFILE_DIR_PATH}/Podfile.lock\" \"${PODS_ROOT}/Manifest.lock\" > /dev/null\nif [ $? != 0 ] ; then\n    # print error to STDERR\n    echo \"error: The sandbox is not in sync with the Podfile.lock. Run 'pod install' or update your CocoaPods installation.\" >&2\n    exit 1\nfi\n# This output is used by Xcode 'outputs' to avoid re-running this script phase.\necho \"SUCCESS\" > \"${SCRIPT_OUTPUT_FILE_0}\"\n";
			showEnvVarsInLog = 0;
		};
		597528DD7A8CF42577AE0135 /* [CP] Copy Pods Resources */ = {
			isa = PBXShellScriptBuildPhase;
			buildActionMask = 2147483647;
			files = (
			);
			inputPaths = (
			);
			name = "[CP] Copy Pods Resources";
			outputPaths = (
			);
			runOnlyForDeploymentPostprocessing = 0;
			shellPath = /bin/sh;
			shellScript = "\"${SRCROOT}/Pods/Target Support Files/Pods-PatientManagement/Pods-PatientManagement-resources.sh\"\n";
			showEnvVarsInLog = 0;
		};
		71063ADAA9D33D6FE7D94E66 /* [CP] Embed Pods Frameworks */ = {
			isa = PBXShellScriptBuildPhase;
			buildActionMask = 2147483647;
			files = (
			);
			inputPaths = (
				"${SRCROOT}/Pods/Target Support Files/Pods-PatientManagement/Pods-PatientManagement-frameworks.sh",
				"${BUILT_PRODUCTS_DIR}/CHTCollectionViewWaterfallLayout/CHTCollectionViewWaterfallLayout.framework",
				"${BUILT_PRODUCTS_DIR}/Permission/Permission.framework",
			);
			name = "[CP] Embed Pods Frameworks";
			outputPaths = (
				"${TARGET_BUILD_DIR}/${FRAMEWORKS_FOLDER_PATH}/CHTCollectionViewWaterfallLayout.framework",
				"${TARGET_BUILD_DIR}/${FRAMEWORKS_FOLDER_PATH}/Permission.framework",
			);
			runOnlyForDeploymentPostprocessing = 0;
			shellPath = /bin/sh;
			shellScript = "\"${SRCROOT}/Pods/Target Support Files/Pods-PatientManagement/Pods-PatientManagement-frameworks.sh\"\n";
			showEnvVarsInLog = 0;
		};
/* End PBXShellScriptBuildPhase section */

/* Begin PBXSourcesBuildPhase section */
		7D9FB6CB1F492CC6009B7E20 /* Sources */ = {
			isa = PBXSourcesBuildPhase;
			buildActionMask = 2147483647;
			files = (
				7D9FB6EE1F5113D5009B7E20 /* CHTCollectionViewWaterfallCell.swift in Sources */,
				7D9FB6E81F4935D7009B7E20 /* ImageCollectionViewController.swift in Sources */,
				7D9FB6D31F492CC6009B7E20 /* AppDelegate.swift in Sources */,
				7D9FB6EC1F497688009B7E20 /* PhotoHelper.swift in Sources */,
				7D9FB6EA1F496FBD009B7E20 /* FileHelper.swift in Sources */,
			);
			runOnlyForDeploymentPostprocessing = 0;
		};
/* End PBXSourcesBuildPhase section */

/* Begin PBXVariantGroup section */
		7D9FB6D61F492CC6009B7E20 /* Main.storyboard */ = {
			isa = PBXVariantGroup;
			children = (
				7D9FB6D71F492CC6009B7E20 /* Base */,
			);
			name = Main.storyboard;
			sourceTree = "<group>";
		};
		7D9FB6DB1F492CC6009B7E20 /* LaunchScreen.storyboard */ = {
			isa = PBXVariantGroup;
			children = (
				7D9FB6DC1F492CC6009B7E20 /* Base */,
			);
			name = LaunchScreen.storyboard;
			sourceTree = "<group>";
		};
/* End PBXVariantGroup section */

/* Begin XCBuildConfiguration section */
		7D9FB6DF1F492CC6009B7E20 /* Debug */ = {
			isa = XCBuildConfiguration;
			buildSettings = {
				ALWAYS_SEARCH_USER_PATHS = NO;
				CLANG_ANALYZER_NONNULL = YES;
				CLANG_ANALYZER_NUMBER_OBJECT_CONVERSION = YES_AGGRESSIVE;
				CLANG_CXX_LANGUAGE_STANDARD = "gnu++0x";
				CLANG_CXX_LIBRARY = "libc++";
				CLANG_ENABLE_MODULES = YES;
				CLANG_ENABLE_OBJC_ARC = YES;
				CLANG_WARN_BOOL_CONVERSION = YES;
				CLANG_WARN_CONSTANT_CONVERSION = YES;
				CLANG_WARN_DIRECT_OBJC_ISA_USAGE = YES_ERROR;
				CLANG_WARN_DOCUMENTATION_COMMENTS = YES;
				CLANG_WARN_EMPTY_BODY = YES;
				CLANG_WARN_ENUM_CONVERSION = YES;
				CLANG_WARN_INFINITE_RECURSION = YES;
				CLANG_WARN_INT_CONVERSION = YES;
				CLANG_WARN_OBJC_ROOT_CLASS = YES_ERROR;
				CLANG_WARN_SUSPICIOUS_MOVE = YES;
				CLANG_WARN_UNREACHABLE_CODE = YES;
				CLANG_WARN__DUPLICATE_METHOD_MATCH = YES;
				"CODE_SIGN_IDENTITY[sdk=iphoneos*]" = "iPhone Developer";
				COPY_PHASE_STRIP = NO;
				DEBUG_INFORMATION_FORMAT = dwarf;
				ENABLE_STRICT_OBJC_MSGSEND = YES;
				ENABLE_TESTABILITY = YES;
				GCC_C_LANGUAGE_STANDARD = gnu99;
				GCC_DYNAMIC_NO_PIC = NO;
				GCC_NO_COMMON_BLOCKS = YES;
				GCC_OPTIMIZATION_LEVEL = 0;
				GCC_PREPROCESSOR_DEFINITIONS = (
					"DEBUG=1",
					"$(inherited)",
				);
				GCC_WARN_64_TO_32_BIT_CONVERSION = YES;
				GCC_WARN_ABOUT_RETURN_TYPE = YES_ERROR;
				GCC_WARN_UNDECLARED_SELECTOR = YES;
				GCC_WARN_UNINITIALIZED_AUTOS = YES_AGGRESSIVE;
				GCC_WARN_UNUSED_FUNCTION = YES;
				GCC_WARN_UNUSED_VARIABLE = YES;
				IPHONEOS_DEPLOYMENT_TARGET = 10.3;
				MTL_ENABLE_DEBUG_INFO = YES;
				ONLY_ACTIVE_ARCH = YES;
				SDKROOT = iphoneos;
				SWIFT_ACTIVE_COMPILATION_CONDITIONS = DEBUG;
				SWIFT_OPTIMIZATION_LEVEL = "-Onone";
				TARGETED_DEVICE_FAMILY = "1,2";
			};
			name = Debug;
		};
		7D9FB6E01F492CC6009B7E20 /* Release */ = {
			isa = XCBuildConfiguration;
			buildSettings = {
				ALWAYS_SEARCH_USER_PATHS = NO;
				CLANG_ANALYZER_NONNULL = YES;
				CLANG_ANALYZER_NUMBER_OBJECT_CONVERSION = YES_AGGRESSIVE;
				CLANG_CXX_LANGUAGE_STANDARD = "gnu++0x";
				CLANG_CXX_LIBRARY = "libc++";
				CLANG_ENABLE_MODULES = YES;
				CLANG_ENABLE_OBJC_ARC = YES;
				CLANG_WARN_BOOL_CONVERSION = YES;
				CLANG_WARN_CONSTANT_CONVERSION = YES;
				CLANG_WARN_DIRECT_OBJC_ISA_USAGE = YES_ERROR;
				CLANG_WARN_DOCUMENTATION_COMMENTS = YES;
				CLANG_WARN_EMPTY_BODY = YES;
				CLANG_WARN_ENUM_CONVERSION = YES;
				CLANG_WARN_INFINITE_RECURSION = YES;
				CLANG_WARN_INT_CONVERSION = YES;
				CLANG_WARN_OBJC_ROOT_CLASS = YES_ERROR;
				CLANG_WARN_SUSPICIOUS_MOVE = YES;
				CLANG_WARN_UNREACHABLE_CODE = YES;
				CLANG_WARN__DUPLICATE_METHOD_MATCH = YES;
				"CODE_SIGN_IDENTITY[sdk=iphoneos*]" = "iPhone Developer";
				COPY_PHASE_STRIP = NO;
				DEBUG_INFORMATION_FORMAT = "dwarf-with-dsym";
				ENABLE_NS_ASSERTIONS = NO;
				ENABLE_STRICT_OBJC_MSGSEND = YES;
				GCC_C_LANGUAGE_STANDARD = gnu99;
				GCC_NO_COMMON_BLOCKS = YES;
				GCC_WARN_64_TO_32_BIT_CONVERSION = YES;
				GCC_WARN_ABOUT_RETURN_TYPE = YES_ERROR;
				GCC_WARN_UNDECLARED_SELECTOR = YES;
				GCC_WARN_UNINITIALIZED_AUTOS = YES_AGGRESSIVE;
				GCC_WARN_UNUSED_FUNCTION = YES;
				GCC_WARN_UNUSED_VARIABLE = YES;
				IPHONEOS_DEPLOYMENT_TARGET = 10.3;
				MTL_ENABLE_DEBUG_INFO = NO;
				SDKROOT = iphoneos;
				SWIFT_OPTIMIZATION_LEVEL = "-Owholemodule";
				TARGETED_DEVICE_FAMILY = "1,2";
				VALIDATE_PRODUCT = YES;
			};
			name = Release;
		};
		7D9FB6E21F492CC6009B7E20 /* Debug */ = {
			isa = XCBuildConfiguration;
			baseConfigurationReference = 4845EE46F4553FECD915A7A6 /* Pods-PatientManagement.debug.xcconfig */;
			buildSettings = {
				ASSETCATALOG_COMPILER_APPICON_NAME = AppIcon;
				INFOPLIST_FILE = PatientManagement/Info.plist;
				LD_RUNPATH_SEARCH_PATHS = "$(inherited) @executable_path/Frameworks";
				PRODUCT_BUNDLE_IDENTIFIER = M.PatientManagement;
				PRODUCT_NAME = "$(TARGET_NAME)";
				SWIFT_VERSION = 3.0;
			};
			name = Debug;
		};
		7D9FB6E31F492CC6009B7E20 /* Release */ = {
			isa = XCBuildConfiguration;
			baseConfigurationReference = 653626C92599A04888F3EB25 /* Pods-PatientManagement.release.xcconfig */;
			buildSettings = {
				ASSETCATALOG_COMPILER_APPICON_NAME = AppIcon;
				INFOPLIST_FILE = PatientManagement/Info.plist;
				LD_RUNPATH_SEARCH_PATHS = "$(inherited) @executable_path/Frameworks";
				PRODUCT_BUNDLE_IDENTIFIER = M.PatientManagement;
				PRODUCT_NAME = "$(TARGET_NAME)";
				SWIFT_VERSION = 3.0;
			};
			name = Release;
		};
/* End XCBuildConfiguration section */

/* Begin XCConfigurationList section */
		7D9FB6CA1F492CC6009B7E20 /* Build configuration list for PBXProject "PatientManagement" */ = {
			isa = XCConfigurationList;
			buildConfigurations = (
				7D9FB6DF1F492CC6009B7E20 /* Debug */,
				7D9FB6E01F492CC6009B7E20 /* Release */,
			);
			defaultConfigurationIsVisible = 0;
			defaultConfigurationName = Release;
		};
		7D9FB6E11F492CC6009B7E20 /* Build configuration list for PBXNativeTarget "PatientManagement" */ = {
			isa = XCConfigurationList;
			buildConfigurations = (
				7D9FB6E21F492CC6009B7E20 /* Debug */,
				7D9FB6E31F492CC6009B7E20 /* Release */,
			);
			defaultConfigurationIsVisible = 0;
			defaultConfigurationName = Release;
		};
/* End XCConfigurationList section */
	};
	rootObject = 7D9FB6C71F492CC6009B7E20 /* Project object */;
}
